
Microsoft Visual Studio Solution File, Format Version 12.00
# Visual Studio Version 17
VisualStudioVersion = 17.14.36518.9 d17.14
MinimumVisualStudioVersion = 10.0.40219.1
Project("{FAE04EC0-301F-11D3-BF4B-00C04F79EFBC}") = "BANK SYSTEM", "BANK SYSTEM\BANK SYSTEM.csproj", "{EED3BE1A-C9E9-4298-9C0C-19025D748948}"
EndProject
Global
	GlobalSection(SolutionConfigurationPlatforms) = preSolution
		Debug|Any CPU = Debug|Any CPU
		Release|Any CPU = Release|Any CPU
	EndGlobalSection
	GlobalSection(ProjectConfigurationPlatforms) = postSolution
		{EED3BE1A-C9E9-4298-9C0C-19025D748948}.Debug|Any CPU.ActiveCfg = Debug|Any CPU
		{EED3BE1A-C9E9-4298-9C0C-19025D748948}.Debug|Any CPU.Build.0 = Debug|Any CPU
		{EED3BE1A-C9E9-4298-9C0C-19025D748948}.Release|Any CPU.ActiveCfg = Release|Any CPU
		{EED3BE1A-C9E9-4298-9C0C-19025D748948}.Release|Any CPU.Build.0 = Release|Any CPU
	EndGlobalSection
	GlobalSection(SolutionProperties) = preSolution
		HideSolutionNode = FALSE
	EndGlobalSection
	GlobalSection(ExtensibilityGlobals) = postSolution
		SolutionGuid = {AD7D00CA-D3DD-48D9-A726-D6F03F6558B2}
	EndGlobalSection
EndGlobal
